
Microsoft Visual Studio Solution File, Format Version 12.00
# Visual Studio Version 17
VisualStudioVersion = 17.0.31903.59
MinimumVisualStudioVersion = 10.0.40219.1
Project("{2150E333-8FDC-42A3-9474-1A3956D46DE8}") = "src", "src", "{384F8363-CE38-43F9-BCF3-BA20FB119191}"
EndProject
Project("{2150E333-8FDC-42A3-9474-1A3956D46DE8}") = "adapters", "adapters", "{0539395D-15C1-46A2-AC9F-BB32AE26BAEC}"
EndProject
Project("{FAE04EC0-301F-11D3-BF4B-00C04F79EFBC}") = "OMB.Adapter.Repository", "src\adapters\OMB.Adapter.Repository\OMB.Adapter.Repository.csproj", "{B5C07099-2B35-4BE1-9F05-B40CD50BB765}"
EndProject
Project("{FAE04EC0-301F-11D3-BF4B-00C04F79EFBC}") = "ohmybook", "src\ports\ohmybook.csproj", "{5142DEAF-0500-41EE-AA81-BA3CC29A5A3D}"
EndProject
Project("{2150E333-8FDC-42A3-9474-1A3956D46DE8}") = "core", "core", "{118BFF96-0148-4648-8EE5-E18C303509FE}"
EndProject
Project("{FAE04EC0-301F-11D3-BF4B-00C04F79EFBC}") = "OMB.Core.Application", "src\core\OMB.Core.Application\OMB.Core.Application.csproj", "{3BE82CA6-ACD5-4071-BEE7-6F049BA72E93}"
EndProject
Project("{FAE04EC0-301F-11D3-BF4B-00C04F79EFBC}") = "OMB.Core.Domain", "src\core\OMB.Core.Domain\OMB.Core.Domain.csproj", "{E08FC1D1-342A-49C1-BA5B-8D9A0BDC4598}"
EndProject
Global
	GlobalSection(SolutionConfigurationPlatforms) = preSolution
		Debug|Any CPU = Debug|Any CPU
		Release|Any CPU = Release|Any CPU
	EndGlobalSection
	GlobalSection(SolutionProperties) = preSolution
		HideSolutionNode = FALSE
	EndGlobalSection
	GlobalSection(ProjectConfigurationPlatforms) = postSolution
		{B5C07099-2B35-4BE1-9F05-B40CD50BB765}.Debug|Any CPU.ActiveCfg = Debug|Any CPU
		{B5C07099-2B35-4BE1-9F05-B40CD50BB765}.Debug|Any CPU.Build.0 = Debug|Any CPU
		{B5C07099-2B35-4BE1-9F05-B40CD50BB765}.Release|Any CPU.ActiveCfg = Release|Any CPU
		{B5C07099-2B35-4BE1-9F05-B40CD50BB765}.Release|Any CPU.Build.0 = Release|Any CPU
		{5142DEAF-0500-41EE-AA81-BA3CC29A5A3D}.Debug|Any CPU.ActiveCfg = Debug|Any CPU
		{5142DEAF-0500-41EE-AA81-BA3CC29A5A3D}.Debug|Any CPU.Build.0 = Debug|Any CPU
		{5142DEAF-0500-41EE-AA81-BA3CC29A5A3D}.Release|Any CPU.ActiveCfg = Release|Any CPU
		{5142DEAF-0500-41EE-AA81-BA3CC29A5A3D}.Release|Any CPU.Build.0 = Release|Any CPU
		{3BE82CA6-ACD5-4071-BEE7-6F049BA72E93}.Debug|Any CPU.ActiveCfg = Debug|Any CPU
		{3BE82CA6-ACD5-4071-BEE7-6F049BA72E93}.Debug|Any CPU.Build.0 = Debug|Any CPU
		{3BE82CA6-ACD5-4071-BEE7-6F049BA72E93}.Release|Any CPU.ActiveCfg = Release|Any CPU
		{3BE82CA6-ACD5-4071-BEE7-6F049BA72E93}.Release|Any CPU.Build.0 = Release|Any CPU
		{E08FC1D1-342A-49C1-BA5B-8D9A0BDC4598}.Debug|Any CPU.ActiveCfg = Debug|Any CPU
		{E08FC1D1-342A-49C1-BA5B-8D9A0BDC4598}.Debug|Any CPU.Build.0 = Debug|Any CPU
		{E08FC1D1-342A-49C1-BA5B-8D9A0BDC4598}.Release|Any CPU.ActiveCfg = Release|Any CPU
		{E08FC1D1-342A-49C1-BA5B-8D9A0BDC4598}.Release|Any CPU.Build.0 = Release|Any CPU
	EndGlobalSection
	GlobalSection(NestedProjects) = preSolution
		{0539395D-15C1-46A2-AC9F-BB32AE26BAEC} = {384F8363-CE38-43F9-BCF3-BA20FB119191}
		{B5C07099-2B35-4BE1-9F05-B40CD50BB765} = {0539395D-15C1-46A2-AC9F-BB32AE26BAEC}
		{5142DEAF-0500-41EE-AA81-BA3CC29A5A3D} = {384F8363-CE38-43F9-BCF3-BA20FB119191}
		{118BFF96-0148-4648-8EE5-E18C303509FE} = {384F8363-CE38-43F9-BCF3-BA20FB119191}
		{3BE82CA6-ACD5-4071-BEE7-6F049BA72E93} = {118BFF96-0148-4648-8EE5-E18C303509FE}
		{E08FC1D1-342A-49C1-BA5B-8D9A0BDC4598} = {118BFF96-0148-4648-8EE5-E18C303509FE}
	EndGlobalSection
EndGlobal
